// !$*UTF8*$!
{
	archiveVersion = 1;
	classes = {
	};
	objectVersion = 46;
	objects = {

/* Begin PBXBuildFile section */
		5966EC491E1BBE2200D71D09 /* YoutubeApiMapper.swift in Sources */ = {isa = PBXBuildFile; fileRef = 5966EC481E1BBE2200D71D09 /* YoutubeApiMapper.swift */; };
		59F8BE6C1E139EAC00E7998A /* AppDelegate.swift in Sources */ = {isa = PBXBuildFile; fileRef = 59F8BE6B1E139EAC00E7998A /* AppDelegate.swift */; };
		59F8BE6E1E139EAC00E7998A /* ViewController.swift in Sources */ = {isa = PBXBuildFile; fileRef = 59F8BE6D1E139EAC00E7998A /* ViewController.swift */; };
		59F8BE731E139EAD00E7998A /* Assets.xcassets in Resources */ = {isa = PBXBuildFile; fileRef = 59F8BE721E139EAD00E7998A /* Assets.xcassets */; };
		5E1148841E36E86C72036E1D /* Pods_YTSample.framework in Frameworks */ = {isa = PBXBuildFile; fileRef = 270285A153F4D8BE7371940E /* Pods_YTSample.framework */; };
/* End PBXBuildFile section */

/* Begin PBXFileReference section */
		270285A153F4D8BE7371940E /* Pods_YTSample.framework */ = {isa = PBXFileReference; explicitFileType = wrapper.framework; includeInIndex = 0; path = Pods_YTSample.framework; sourceTree = BUILT_PRODUCTS_DIR; };
		5966EC481E1BBE2200D71D09 /* YoutubeApiMapper.swift */ = {isa = PBXFileReference; fileEncoding = 4; lastKnownFileType = sourcecode.swift; path = YoutubeApiMapper.swift; sourceTree = "<group>"; };
		59F8BE681E139EAC00E7998A /* YTSample.app */ = {isa = PBXFileReference; explicitFileType = wrapper.application; includeInIndex = 0; path = YTSample.app; sourceTree = BUILT_PRODUCTS_DIR; };
		59F8BE6B1E139EAC00E7998A /* AppDelegate.swift */ = {isa = PBXFileReference; lastKnownFileType = sourcecode.swift; path = AppDelegate.swift; sourceTree = "<group>"; };
		59F8BE6D1E139EAC00E7998A /* ViewController.swift */ = {isa = PBXFileReference; lastKnownFileType = sourcecode.swift; path = ViewController.swift; sourceTree = "<group>"; };
		59F8BE721E139EAD00E7998A /* Assets.xcassets */ = {isa = PBXFileReference; lastKnownFileType = folder.assetcatalog; path = Assets.xcassets; sourceTree = "<group>"; };
		59F8BE771E139EAD00E7998A /* Info.plist */ = {isa = PBXFileReference; lastKnownFileType = text.plist.xml; path = Info.plist; sourceTree = "<group>"; };
		A8DCC009F3D75734778583B1 /* Pods-YTSample.debug.xcconfig */ = {isa = PBXFileReference; includeInIndex = 1; lastKnownFileType = text.xcconfig; name = "Pods-YTSample.debug.xcconfig"; path = "Pods/Target Support Files/Pods-YTSample/Pods-YTSample.debug.xcconfig"; sourceTree = "<group>"; };
		AA4F50911B3E09F9117AB2DF /* Pods-YTSample.release.xcconfig */ = {isa = PBXFileReference; includeInIndex = 1; lastKnownFileType = text.xcconfig; name = "Pods-YTSample.release.xcconfig"; path = "Pods/Target Support Files/Pods-YTSample/Pods-YTSample.release.xcconfig"; sourceTree = "<group>"; };
/* End PBXFileReference section */

/* Begin PBXFrameworksBuildPhase section */
		59F8BE651E139EAC00E7998A /* Frameworks */ = {
			isa = PBXFrameworksBuildPhase;
			buildActionMask = 2147483647;
			files = (
				5E1148841E36E86C72036E1D /* Pods_YTSample.framework in Frameworks */,
			);
			runOnlyForDeploymentPostprocessing = 0;
		};
/* End PBXFrameworksBuildPhase section */

/* Begin PBXGroup section */
		59F8BE5F1E139EAC00E7998A = {
			isa = PBXGroup;
			children = (
				59F8BE6A1E139EAC00E7998A /* YTSample */,
				59F8BE691E139EAC00E7998A /* Products */,
				5B7FBABBF565FEE62C405A45 /* Pods */,
				8015590D7421537C23DDD626 /* Frameworks */,
			);
			sourceTree = "<group>";
		};
		59F8BE691E139EAC00E7998A /* Products */ = {
			isa = PBXGroup;
			children = (
				59F8BE681E139EAC00E7998A /* YTSample.app */,
			);
			name = Products;
			sourceTree = "<group>";
		};
		59F8BE6A1E139EAC00E7998A /* YTSample */ = {
			isa = PBXGroup;
			children = (
				59F8BE6B1E139EAC00E7998A /* AppDelegate.swift */,
				59F8BE6D1E139EAC00E7998A /* ViewController.swift */,
				59F8BE721E139EAD00E7998A /* Assets.xcassets */,
				59F8BE771E139EAD00E7998A /* Info.plist */,
				5966EC481E1BBE2200D71D09 /* YoutubeApiMapper.swift */,
			);
			path = YTSample;
			sourceTree = "<group>";
		};
		5B7FBABBF565FEE62C405A45 /* Pods */ = {
			isa = PBXGroup;
			children = (
				A8DCC009F3D75734778583B1 /* Pods-YTSample.debug.xcconfig */,
				AA4F50911B3E09F9117AB2DF /* Pods-YTSample.release.xcconfig */,
			);
			name = Pods;
			sourceTree = "<group>";
		};
		8015590D7421537C23DDD626 /* Frameworks */ = {
			isa = PBXGroup;
			children = (
				270285A153F4D8BE7371940E /* Pods_YTSample.framework */,
			);
			name = Frameworks;
			sourceTree = "<group>";
		};
/* End PBXGroup section */

/* Begin PBXNativeTarget section */
		59F8BE671E139EAC00E7998A /* YTSample */ = {
			isa = PBXNativeTarget;
			buildConfigurationList = 59F8BE7A1E139EAD00E7998A /* Build configuration list for PBXNativeTarget "YTSample" */;
			buildPhases = (
				312793A7DF1B696E9E4648F7 /* [CP] Check Pods Manifest.lock */,
				59F8BE641E139EAC00E7998A /* Sources */,
				59F8BE651E139EAC00E7998A /* Frameworks */,
				59F8BE661E139EAC00E7998A /* Resources */,
				21B9DEDF9A9AD1377FAFE7E3 /* [CP] Embed Pods Frameworks */,
				83B40508A9B5EFB9954CE0C0 /* [CP] Copy Pods Resources */,
			);
			buildRules = (
			);
			dependencies = (
			);
			name = YTSample;
			productName = YTSample;
			productReference = 59F8BE681E139EAC00E7998A /* YTSample.app */;
			productType = "com.apple.product-type.application";
		};
/* End PBXNativeTarget section */

/* Begin PBXProject section */
		59F8BE601E139EAC00E7998A /* Project object */ = {
			isa = PBXProject;
			attributes = {
				LastSwiftUpdateCheck = 0730;
				LastUpgradeCheck = 0730;
				ORGANIZATIONNAME = thousandminds;
				TargetAttributes = {
					59F8BE671E139EAC00E7998A = {
						CreatedOnToolsVersion = 7.3.1;
						DevelopmentTeam = 4Y4J5JD5NJ;
						LastSwiftMigration = 0820;
					};
				};
			};
			buildConfigurationList = 59F8BE631E139EAC00E7998A /* Build configuration list for PBXProject "YTSample" */;
			compatibilityVersion = "Xcode 3.2";
			developmentRegion = English;
			hasScannedForEncodings = 0;
			knownRegions = (
				en,
				Base,
			);
			mainGroup = 59F8BE5F1E139EAC00E7998A;
			productRefGroup = 59F8BE691E139EAC00E7998A /* Products */;
			projectDirPath = "";
			projectRoot = "";
			targets = (
				59F8BE671E139EAC00E7998A /* YTSample */,
			);
		};
/* End PBXProject section */

/* Begin PBXResourcesBuildPhase section */
		59F8BE661E139EAC00E7998A /* Resources */ = {
			isa = PBXResourcesBuildPhase;
			buildActionMask = 2147483647;
			files = (
				59F8BE731E139EAD00E7998A /* Assets.xcassets in Resources */,
			);
			runOnlyForDeploymentPostprocessing = 0;
		};
/* End PBXResourcesBuildPhase section */

/* Begin PBXShellScriptBuildPhase section */
		21B9DEDF9A9AD1377FAFE7E3 /* [CP] Embed Pods Frameworks */ = {
			isa = PBXShellScriptBuildPhase;
			buildActionMask = 2147483647;
			files = (
			);
			inputPaths = (
			);
			name = "[CP] Embed Pods Frameworks";
			outputPaths = (
			);
			runOnlyForDeploymentPostprocessing = 0;
			shellPath = /bin/sh;
			shellScript = "\"${SRCROOT}/Pods/Target Support Files/Pods-YTSample/Pods-YTSample-frameworks.sh\"\n";
			showEnvVarsInLog = 0;
		};
		312793A7DF1B696E9E4648F7 /* [CP] Check Pods Manifest.lock */ = {
			isa = PBXShellScriptBuildPhase;
			buildActionMask = 2147483647;
			files = (
			);
			inputPaths = (
			);
			name = "[CP] Check Pods Manifest.lock";
			outputPaths = (
			);
			runOnlyForDeploymentPostprocessing = 0;
			shellPath = /bin/sh;
			shellScript = "diff \"${PODS_ROOT}/../Podfile.lock\" \"${PODS_ROOT}/Manifest.lock\" > /dev/null\nif [ $? != 0 ] ; then\n    # print error to STDERR\n    echo \"error: The sandbox is not in sync with the Podfile.lock. Run 'pod install' or update your CocoaPods installation.\" >&2\n    exit 1\nfi\n";
			showEnvVarsInLog = 0;
		};
		83B40508A9B5EFB9954CE0C0 /* [CP] Copy Pods Resources */ = {
			isa = PBXShellScriptBuildPhase;
			buildActionMask = 2147483647;
			files = (
			);
			inputPaths = (
			);
			name = "[CP] Copy Pods Resources";
			outputPaths = (
			);
			runOnlyForDeploymentPostprocessing = 0;
			shellPath = /bin/sh;
			shellScript = "\"${SRCROOT}/Pods/Target Support Files/Pods-YTSample/Pods-YTSample-resources.sh\"\n";
			showEnvVarsInLog = 0;
		};
/* End PBXShellScriptBuildPhase section */

/* Begin PBXSourcesBuildPhase section */
		59F8BE641E139EAC00E7998A /* Sources */ = {
			isa = PBXSourcesBuildPhase;
			buildActionMask = 2147483647;
			files = (
				59F8BE6E1E139EAC00E7998A /* ViewController.swift in Sources */,
				59F8BE6C1E139EAC00E7998A /* AppDelegate.swift in Sources */,
				5966EC491E1BBE2200D71D09 /* YoutubeApiMapper.swift in Sources */,
			);
			runOnlyForDeploymentPostprocessing = 0;
		};
/* End PBXSourcesBuildPhase section */

/* Begin XCBuildConfiguration section */
		59F8BE781E139EAD00E7998A /* Debug */ = {
			isa = XCBuildConfiguration;
			buildSettings = {
				ALWAYS_SEARCH_USER_PATHS = NO;
				CLANG_ANALYZER_NONNULL = YES;
				CLANG_CXX_LANGUAGE_STANDARD = "gnu++0x";
				CLANG_CXX_LIBRARY = "libc++";
				CLANG_ENABLE_MODULES = YES;
				CLANG_ENABLE_OBJC_ARC = YES;
				CLANG_WARN_BOOL_CONVERSION = YES;
				CLANG_WARN_CONSTANT_CONVERSION = YES;
				CLANG_WARN_DIRECT_OBJC_ISA_USAGE = YES_ERROR;
				CLANG_WARN_EMPTY_BODY = YES;
				CLANG_WARN_ENUM_CONVERSION = YES;
				CLANG_WARN_INT_CONVERSION = YES;
				CLANG_WARN_OBJC_ROOT_CLASS = YES_ERROR;
				CLANG_WARN_UNREACHABLE_CODE = YES;
				CLANG_WARN__DUPLICATE_METHOD_MATCH = YES;
				"CODE_SIGN_IDENTITY[sdk=iphoneos*]" = "iPhone Developer";
				COPY_PHASE_STRIP = NO;
				DEBUG_INFORMATION_FORMAT = dwarf;
				ENABLE_STRICT_OBJC_MSGSEND = YES;
				ENABLE_TESTABILITY = YES;
				GCC_C_LANGUAGE_STANDARD = gnu99;
				GCC_DYNAMIC_NO_PIC = NO;
				GCC_NO_COMMON_BLOCKS = YES;
				GCC_OPTIMIZATION_LEVEL = 0;
				GCC_PREPROCESSOR_DEFINITIONS = (
					"DEBUG=1",
					"$(inherited)",
				);
				GCC_WARN_64_TO_32_BIT_CONVERSION = YES;
				GCC_WARN_ABOUT_RETURN_TYPE = YES_ERROR;
				GCC_WARN_UNDECLARED_SELECTOR = YES;
				GCC_WARN_UNINITIALIZED_AUTOS = YES_AGGRESSIVE;
				GCC_WARN_UNUSED_FUNCTION = YES;
				GCC_WARN_UNUSED_VARIABLE = YES;
				IPHONEOS_DEPLOYMENT_TARGET = 9.3;
				MTL_ENABLE_DEBUG_INFO = YES;
				ONLY_ACTIVE_ARCH = YES;
				SDKROOT = iphoneos;
				SWIFT_OPTIMIZATION_LEVEL = "-Onone";
			};
			name = Debug;
		};
		59F8BE791E139EAD00E7998A /* Release */ = {
			isa = XCBuildConfiguration;
			buildSettings = {
				ALWAYS_SEARCH_USER_PATHS = NO;
				CLANG_ANALYZER_NONNULL = YES;
				CLANG_CXX_LANGUAGE_STANDARD = "gnu++0x";
				CLANG_CXX_LIBRARY = "libc++";
				CLANG_ENABLE_MODULES = YES;
				CLANG_ENABLE_OBJC_ARC = YES;
				CLANG_WARN_BOOL_CONVERSION = YES;
				CLANG_WARN_CONSTANT_CONVERSION = YES;
				CLANG_WARN_DIRECT_OBJC_ISA_USAGE = YES_ERROR;
				CLANG_WARN_EMPTY_BODY = YES;
				CLANG_WARN_ENUM_CONVERSION = YES;
				CLANG_WARN_INT_CONVERSION = YES;
				CLANG_WARN_OBJC_ROOT_CLASS = YES_ERROR;
				CLANG_WARN_UNREACHABLE_CODE = YES;
				CLANG_WARN__DUPLICATE_METHOD_MATCH = YES;
				"CODE_SIGN_IDENTITY[sdk=iphoneos*]" = "iPhone Developer";
				COPY_PHASE_STRIP = NO;
				DEBUG_INFORMATION_FORMAT = "dwarf-with-dsym";
				ENABLE_NS_ASSERTIONS = NO;
				ENABLE_STRICT_OBJC_MSGSEND = YES;
				GCC_C_LANGUAGE_STANDARD = gnu99;
				GCC_NO_COMMON_BLOCKS = YES;
				GCC_WARN_64_TO_32_BIT_CONVERSION = YES;
				GCC_WARN_ABOUT_RETURN_TYPE = YES_ERROR;
				GCC_WARN_UNDECLARED_SELECTOR = YES;
				GCC_WARN_UNINITIALIZED_AUTOS = YES_AGGRESSIVE;
				GCC_WARN_UNUSED_FUNCTION = YES;
				GCC_WARN_UNUSED_VARIABLE = YES;
				IPHONEOS_DEPLOYMENT_TARGET = 9.3;
				MTL_ENABLE_DEBUG_INFO = NO;
				SDKROOT = iphoneos;
				VALIDATE_PRODUCT = YES;
			};
			name = Release;
		};
		59F8BE7B1E139EAD00E7998A /* Debug */ = {
			isa = XCBuildConfiguration;
			baseConfigurationReference = A8DCC009F3D75734778583B1 /* Pods-YTSample.debug.xcconfig */;
			buildSettings = {
				ASSETCATALOG_COMPILER_APPICON_NAME = AppIcon;
				DEVELOPMENT_TEAM = 4Y4J5JD5NJ;
				INFOPLIST_FILE = YTSample/Info.plist;
				LD_RUNPATH_SEARCH_PATHS = "$(inherited) @executable_path/Frameworks";
				PRODUCT_BUNDLE_IDENTIFIER = com.thousandminds.YTSample;
				PRODUCT_NAME = "$(TARGET_NAME)";
				SWIFT_VERSION = 3.0;
			};
			name = Debug;
		};
		59F8BE7C1E139EAD00E7998A /* Release */ = {
			isa = XCBuildConfiguration;
			baseConfigurationReference = AA4F50911B3E09F9117AB2DF /* Pods-YTSample.release.xcconfig */;
			buildSettings = {
				ASSETCATALOG_COMPILER_APPICON_NAME = AppIcon;
				DEVELOPMENT_TEAM = 4Y4J5JD5NJ;
				INFOPLIST_FILE = YTSample/Info.plist;
				LD_RUNPATH_SEARCH_PATHS = "$(inherited) @executable_path/Frameworks";
				PRODUCT_BUNDLE_IDENTIFIER = com.thousandminds.YTSample;
				PRODUCT_NAME = "$(TARGET_NAME)";
				SWIFT_VERSION = 3.0;
			};
			name = Release;
		};
/* End XCBuildConfiguration section */

/* Begin XCConfigurationList section */
		59F8BE631E139EAC00E7998A /* Build configuration list for PBXProject "YTSample" */ = {
			isa = XCConfigurationList;
			buildConfigurations = (
				59F8BE781E139EAD00E7998A /* Debug */,
				59F8BE791E139EAD00E7998A /* Release */,
			);
			defaultConfigurationIsVisible = 0;
			defaultConfigurationName = Release;
		};
		59F8BE7A1E139EAD00E7998A /* Build configuration list for PBXNativeTarget "YTSample" */ = {
			isa = XCConfigurationList;
			buildConfigurations = (
				59F8BE7B1E139EAD00E7998A /* Debug */,
				59F8BE7C1E139EAD00E7998A /* Release */,
			);
			defaultConfigurationIsVisible = 0;
			defaultConfigurationName = Release;
		};
/* End XCConfigurationList section */
	};
	rootObject = 59F8BE601E139EAC00E7998A /* Project object */;
}
